{
  "name": "resort-booking",
  "version": "1.0.0",
  "lockfileVersion": 3,
  "requires": true,
  "packages": {
    "": {
      "name": "resort-booking",
      "version": "1.0.0",
      "license": "ISC",
      "devDependencies": {
        "fecha": "^4.2.3",
        "hotel-datepicker": "^4.12.4"
      }
    },
    "node_modules/fecha": {
      "version": "4.2.3",
      "resolved": "https://registry.npmjs.org/fecha/-/fecha-4.2.3.tgz",
      "integrity": "sha512-OP2IUU6HeYKJi3i0z4A19kHMQoLVs4Hc+DPqqxI2h/DPZHTm/vjsfC6P0b4jCMy14XizLBqvndQ+UilD7707Jw==",
      "dev": true,
      "license": "MIT"
    },
    "node_modules/hotel-datepicker": {
      "version": "4.12.4",
      "resolved": "https://registry.npmjs.org/hotel-datepicker/-/hotel-datepicker-4.12.4.tgz",
      "integrity": "sha512-0pqdQBVfSiBeaSn5nH8jOAOksZYxEv441TAFZ2rWlic88b3IV7rEYKrQaBKp4gg6Om99Y01NjuH4t5iu7hvb0Q==",
      "dev": true,
      "license": "MIT",
      "dependencies": {
        "fecha": "^4.2.3"
      }
    }
  }
}
